
Microsoft Visual Studio Solution File, Format Version 12.00
# Visual Studio 14
VisualStudioVersion = 14.0.25420.1
MinimumVisualStudioVersion = 10.0.40219.1
Project("{888888A0-9F3D-457C-B088-3A5042F75D52}") = "imagedb", "imagedb.pyproj", "{965FC95C-7DBC-4EFC-ADAB-5ED89451655A}"
EndProject
Project("{888888A0-9F3D-457C-B088-3A5042F75D52}") = "funclib", "..\funclib\funclib.pyproj", "{EC8E1821-0C22-445E-AF07-22BBE247F71E}"
EndProject
Project("{888888A0-9F3D-457C-B088-3A5042F75D52}") = "dblib", "..\dblib\dblib.pyproj", "{357F2F6C-B6BF-4BB9-B3A3-E6B0130467A2}"
EndProject
Project("{888888A0-9F3D-457C-B088-3A5042F75D52}") = "opencvlib", "..\opencvlib\opencvlib.pyproj", "{3791C3EB-165F-4A04-83E2-956959C15823}"
EndProject
Project("{2150E333-8FDC-42A3-9474-1A3956D46DE8}") = "Solution Items", "Solution Items", "{76D1877F-C40F-4E34-9148-BAB8F2F473F9}"
	ProjectSection(SolutionItems) = preProject
		..\pep8imagedb.cmd = ..\pep8imagedb.cmd
		..\startup.py = ..\startup.py
	EndProjectSection
EndProject
Project("{888888A0-9F3D-457C-B088-3A5042F75D52}") = "plotlib", "..\plotlib\plotlib.pyproj", "{008BC738-5450-45B4-9D24-61DE8A3B0096}"
EndProject
Project("{888888A0-9F3D-457C-B088-3A5042F75D52}") = "pgnet", "..\pgnet\pgnet.pyproj", "{52FB7047-B7AD-43D1-A402-BB033DB31901}"
EndProject
Global
	GlobalSection(SolutionConfigurationPlatforms) = preSolution
		Debug|Any CPU = Debug|Any CPU
		Release|Any CPU = Release|Any CPU
	EndGlobalSection
	GlobalSection(ProjectConfigurationPlatforms) = postSolution
		{965FC95C-7DBC-4EFC-ADAB-5ED89451655A}.Debug|Any CPU.ActiveCfg = Debug|Any CPU
		{965FC95C-7DBC-4EFC-ADAB-5ED89451655A}.Release|Any CPU.ActiveCfg = Release|Any CPU
		{EC8E1821-0C22-445E-AF07-22BBE247F71E}.Debug|Any CPU.ActiveCfg = Debug|Any CPU
		{EC8E1821-0C22-445E-AF07-22BBE247F71E}.Release|Any CPU.ActiveCfg = Release|Any CPU
		{357F2F6C-B6BF-4BB9-B3A3-E6B0130467A2}.Debug|Any CPU.ActiveCfg = Debug|Any CPU
		{357F2F6C-B6BF-4BB9-B3A3-E6B0130467A2}.Release|Any CPU.ActiveCfg = Release|Any CPU
		{3791C3EB-165F-4A04-83E2-956959C15823}.Debug|Any CPU.ActiveCfg = Debug|Any CPU
		{3791C3EB-165F-4A04-83E2-956959C15823}.Release|Any CPU.ActiveCfg = Release|Any CPU
		{008BC738-5450-45B4-9D24-61DE8A3B0096}.Debug|Any CPU.ActiveCfg = Debug|Any CPU
		{008BC738-5450-45B4-9D24-61DE8A3B0096}.Release|Any CPU.ActiveCfg = Release|Any CPU
		{52FB7047-B7AD-43D1-A402-BB033DB31901}.Debug|Any CPU.ActiveCfg = Debug|Any CPU
		{52FB7047-B7AD-43D1-A402-BB033DB31901}.Release|Any CPU.ActiveCfg = Release|Any CPU
	EndGlobalSection
	GlobalSection(SolutionProperties) = preSolution
		HideSolutionNode = FALSE
	EndGlobalSection
EndGlobal
