
Microsoft Visual Studio Solution File, Format Version 12.00
# Visual Studio 14
VisualStudioVersion = 14.0.25420.1
MinimumVisualStudioVersion = 10.0.40219.1
Project("{888888A0-9F3D-457C-B088-3A5042F75D52}") = "imgscrape", "imgscrape.pyproj", "{1D9B1083-600C-4118-83FD-DE48F0FD0B3B}"
EndProject
Project("{888888A0-9F3D-457C-B088-3A5042F75D52}") = "funclib", "..\funclib\funclib.pyproj", "{EC8E1821-0C22-445E-AF07-22BBE247F71E}"
EndProject
Project("{888888A0-9F3D-457C-B088-3A5042F75D52}") = "wayback-machine-scraper", "..\wayback-machine-scraper\wayback-machine-scraper.pyproj", "{A02E6D9C-ACEE-46C6-9DFC-98B094EDA089}"
EndProject
Project("{888888A0-9F3D-457C-B088-3A5042F75D52}") = "mmodb", "..\mmodb\mmodb.pyproj", "{8CCA8C50-2EA9-44CB-A0F9-C2E0C1FD8393}"
EndProject
Project("{888888A0-9F3D-457C-B088-3A5042F75D52}") = "mmo", "..\mmo\mmo.pyproj", "{8487DAAB-6561-4C06-B75C-81A067F9315A}"
EndProject
Project("{888888A0-9F3D-457C-B088-3A5042F75D52}") = "nlp", "..\nlp\nlp.pyproj", "{EC9DEDEE-3C18-4A0B-8E3F-F02317501261}"
EndProject
Project("{888888A0-9F3D-457C-B088-3A5042F75D52}") = "dblib", "..\dblib\dblib.pyproj", "{357F2F6C-B6BF-4BB9-B3A3-E6B0130467A2}"
EndProject
Project("{888888A0-9F3D-457C-B088-3A5042F75D52}") = "gazetteerdb", "..\gazetteerdb\gazetteerdb.pyproj", "{CC8BB4D5-4195-4E83-A789-CA3225428CCD}"
EndProject
Global
	GlobalSection(SolutionConfigurationPlatforms) = preSolution
		Debug|Any CPU = Debug|Any CPU
		Release|Any CPU = Release|Any CPU
	EndGlobalSection
	GlobalSection(ProjectConfigurationPlatforms) = postSolution
		{1D9B1083-600C-4118-83FD-DE48F0FD0B3B}.Debug|Any CPU.ActiveCfg = Debug|Any CPU
		{1D9B1083-600C-4118-83FD-DE48F0FD0B3B}.Release|Any CPU.ActiveCfg = Release|Any CPU
		{EC8E1821-0C22-445E-AF07-22BBE247F71E}.Debug|Any CPU.ActiveCfg = Debug|Any CPU
		{EC8E1821-0C22-445E-AF07-22BBE247F71E}.Release|Any CPU.ActiveCfg = Release|Any CPU
		{A02E6D9C-ACEE-46C6-9DFC-98B094EDA089}.Debug|Any CPU.ActiveCfg = Debug|Any CPU
		{A02E6D9C-ACEE-46C6-9DFC-98B094EDA089}.Release|Any CPU.ActiveCfg = Release|Any CPU
		{8CCA8C50-2EA9-44CB-A0F9-C2E0C1FD8393}.Debug|Any CPU.ActiveCfg = Debug|Any CPU
		{8CCA8C50-2EA9-44CB-A0F9-C2E0C1FD8393}.Release|Any CPU.ActiveCfg = Release|Any CPU
		{8487DAAB-6561-4C06-B75C-81A067F9315A}.Debug|Any CPU.ActiveCfg = Debug|Any CPU
		{8487DAAB-6561-4C06-B75C-81A067F9315A}.Release|Any CPU.ActiveCfg = Release|Any CPU
		{EC9DEDEE-3C18-4A0B-8E3F-F02317501261}.Debug|Any CPU.ActiveCfg = Debug|Any CPU
		{EC9DEDEE-3C18-4A0B-8E3F-F02317501261}.Release|Any CPU.ActiveCfg = Release|Any CPU
		{357F2F6C-B6BF-4BB9-B3A3-E6B0130467A2}.Debug|Any CPU.ActiveCfg = Debug|Any CPU
		{357F2F6C-B6BF-4BB9-B3A3-E6B0130467A2}.Release|Any CPU.ActiveCfg = Release|Any CPU
		{CC8BB4D5-4195-4E83-A789-CA3225428CCD}.Debug|Any CPU.ActiveCfg = Debug|Any CPU
		{CC8BB4D5-4195-4E83-A789-CA3225428CCD}.Release|Any CPU.ActiveCfg = Release|Any CPU
	EndGlobalSection
	GlobalSection(SolutionProperties) = preSolution
		HideSolutionNode = FALSE
	EndGlobalSection
EndGlobal
