
Microsoft Visual Studio Solution File, Format Version 12.00
# Visual Studio 14
VisualStudioVersion = 14.0.25420.1
MinimumVisualStudioVersion = 10.0.40219.1
Project("{888888A0-9F3D-457C-B088-3A5042F75D52}") = "EAST", "EAST.pyproj", "{F9D93D92-62D5-4EF4-ACCD-EB0B730340B9}"
EndProject
Project("{888888A0-9F3D-457C-B088-3A5042F75D52}") = "funclib", "..\funclib\funclib.pyproj", "{EC8E1821-0C22-445E-AF07-22BBE247F71E}"
EndProject
Project("{888888A0-9F3D-457C-B088-3A5042F75D52}") = "opencvlib", "..\opencvlib\opencvlib.pyproj", "{3791C3EB-165F-4A04-83E2-956959C15823}"
EndProject
Project("{888888A0-9F3D-457C-B088-3A5042F75D52}") = "plotlib", "..\plotlib\plotlib.pyproj", "{008BC738-5450-45B4-9D24-61DE8A3B0096}"
EndProject
Project("{888888A0-9F3D-457C-B088-3A5042F75D52}") = "pytesseract", "..\pytesseract\pytesseract.pyproj", "{5A5C4B57-F03B-4E73-8508-8569C751613F}"
EndProject
Project("{888888A0-9F3D-457C-B088-3A5042F75D52}") = "mmodb", "..\mmodb\mmodb.pyproj", "{8CCA8C50-2EA9-44CB-A0F9-C2E0C1FD8393}"
EndProject
Project("{888888A0-9F3D-457C-B088-3A5042F75D52}") = "textract", "..\textract\textract.pyproj", "{227DDA94-406A-444D-BAC7-A0712722007B}"
EndProject
Project("{888888A0-9F3D-457C-B088-3A5042F75D52}") = "dblib", "..\dblib\dblib.pyproj", "{357F2F6C-B6BF-4BB9-B3A3-E6B0130467A2}"
EndProject
Project("{888888A0-9F3D-457C-B088-3A5042F75D52}") = "nlp", "..\nlp\nlp.pyproj", "{EC9DEDEE-3C18-4A0B-8E3F-F02317501261}"
EndProject
Project("{888888A0-9F3D-457C-B088-3A5042F75D52}") = "pdf2image", "..\pdf2image\pdf2image.pyproj", "{90301CE2-56A3-450A-B61E-34618D594B2E}"
EndProject
Global
	GlobalSection(SolutionConfigurationPlatforms) = preSolution
		Debug|Any CPU = Debug|Any CPU
		Release|Any CPU = Release|Any CPU
	EndGlobalSection
	GlobalSection(ProjectConfigurationPlatforms) = postSolution
		{F9D93D92-62D5-4EF4-ACCD-EB0B730340B9}.Debug|Any CPU.ActiveCfg = Debug|Any CPU
		{F9D93D92-62D5-4EF4-ACCD-EB0B730340B9}.Release|Any CPU.ActiveCfg = Release|Any CPU
		{EC8E1821-0C22-445E-AF07-22BBE247F71E}.Debug|Any CPU.ActiveCfg = Debug|Any CPU
		{EC8E1821-0C22-445E-AF07-22BBE247F71E}.Release|Any CPU.ActiveCfg = Release|Any CPU
		{3791C3EB-165F-4A04-83E2-956959C15823}.Debug|Any CPU.ActiveCfg = Debug|Any CPU
		{3791C3EB-165F-4A04-83E2-956959C15823}.Release|Any CPU.ActiveCfg = Release|Any CPU
		{008BC738-5450-45B4-9D24-61DE8A3B0096}.Debug|Any CPU.ActiveCfg = Debug|Any CPU
		{008BC738-5450-45B4-9D24-61DE8A3B0096}.Release|Any CPU.ActiveCfg = Release|Any CPU
		{5A5C4B57-F03B-4E73-8508-8569C751613F}.Debug|Any CPU.ActiveCfg = Debug|Any CPU
		{5A5C4B57-F03B-4E73-8508-8569C751613F}.Release|Any CPU.ActiveCfg = Release|Any CPU
		{8CCA8C50-2EA9-44CB-A0F9-C2E0C1FD8393}.Debug|Any CPU.ActiveCfg = Debug|Any CPU
		{8CCA8C50-2EA9-44CB-A0F9-C2E0C1FD8393}.Release|Any CPU.ActiveCfg = Release|Any CPU
		{227DDA94-406A-444D-BAC7-A0712722007B}.Debug|Any CPU.ActiveCfg = Debug|Any CPU
		{227DDA94-406A-444D-BAC7-A0712722007B}.Release|Any CPU.ActiveCfg = Release|Any CPU
		{357F2F6C-B6BF-4BB9-B3A3-E6B0130467A2}.Debug|Any CPU.ActiveCfg = Debug|Any CPU
		{357F2F6C-B6BF-4BB9-B3A3-E6B0130467A2}.Release|Any CPU.ActiveCfg = Release|Any CPU
		{EC9DEDEE-3C18-4A0B-8E3F-F02317501261}.Debug|Any CPU.ActiveCfg = Debug|Any CPU
		{EC9DEDEE-3C18-4A0B-8E3F-F02317501261}.Release|Any CPU.ActiveCfg = Release|Any CPU
		{90301CE2-56A3-450A-B61E-34618D594B2E}.Debug|Any CPU.ActiveCfg = Debug|Any CPU
		{90301CE2-56A3-450A-B61E-34618D594B2E}.Release|Any CPU.ActiveCfg = Release|Any CPU
	EndGlobalSection
	GlobalSection(SolutionProperties) = preSolution
		HideSolutionNode = FALSE
	EndGlobalSection
EndGlobal
