
Microsoft Visual Studio Solution File, Format Version 12.00
# Visual Studio 14
VisualStudioVersion = 14.0.25123.0
MinimumVisualStudioVersion = 10.0.40219.1
Project("{888888A0-9F3D-457C-B088-3A5042F75D52}") = "funclib", "funclib.pyproj", "{EC8E1821-0C22-445E-AF07-22BBE247F71E}"
EndProject
Project("{888888A0-9F3D-457C-B088-3A5042F75D52}") = "arcgis", "..\arcgis\arcgis.pyproj", "{F860303E-B407-4BAB-9DF5-60583551BC8E}"
EndProject
Project("{888888A0-9F3D-457C-B088-3A5042F75D52}") = "focalpermute", "..\focalpermute\focalpermute.pyproj", "{EC5CF372-8145-4757-BA13-3684ACE201FE}"
EndProject
Project("{888888A0-9F3D-457C-B088-3A5042F75D52}") = "permanal", "..\permanal\permanal.pyproj", "{F5610146-4C75-4168-B337-655E29506C56}"
EndProject
Project("{888888A0-9F3D-457C-B088-3A5042F75D52}") = "opencvlib", "..\opencvlib\opencvlib.pyproj", "{3791C3EB-165F-4A04-83E2-956959C15823}"
EndProject
Project("{888888A0-9F3D-457C-B088-3A5042F75D52}") = "crustacean", "..\crustacean\crustacean.pyproj", "{E4814DF1-815D-440A-A9D6-333C531A628E}"
EndProject
Global
	GlobalSection(SolutionConfigurationPlatforms) = preSolution
		Debug|Any CPU = Debug|Any CPU
		Release|Any CPU = Release|Any CPU
	EndGlobalSection
	GlobalSection(ProjectConfigurationPlatforms) = postSolution
		{EC8E1821-0C22-445E-AF07-22BBE247F71E}.Debug|Any CPU.ActiveCfg = Debug|Any CPU
		{EC8E1821-0C22-445E-AF07-22BBE247F71E}.Release|Any CPU.ActiveCfg = Release|Any CPU
		{F860303E-B407-4BAB-9DF5-60583551BC8E}.Debug|Any CPU.ActiveCfg = Debug|Any CPU
		{F860303E-B407-4BAB-9DF5-60583551BC8E}.Release|Any CPU.ActiveCfg = Release|Any CPU
		{EC5CF372-8145-4757-BA13-3684ACE201FE}.Debug|Any CPU.ActiveCfg = Debug|Any CPU
		{EC5CF372-8145-4757-BA13-3684ACE201FE}.Release|Any CPU.ActiveCfg = Release|Any CPU
		{F5610146-4C75-4168-B337-655E29506C56}.Debug|Any CPU.ActiveCfg = Debug|Any CPU
		{F5610146-4C75-4168-B337-655E29506C56}.Release|Any CPU.ActiveCfg = Release|Any CPU
		{3791C3EB-165F-4A04-83E2-956959C15823}.Debug|Any CPU.ActiveCfg = Debug|Any CPU
		{3791C3EB-165F-4A04-83E2-956959C15823}.Release|Any CPU.ActiveCfg = Release|Any CPU
		{E4814DF1-815D-440A-A9D6-333C531A628E}.Debug|Any CPU.ActiveCfg = Debug|Any CPU
		{E4814DF1-815D-440A-A9D6-333C531A628E}.Release|Any CPU.ActiveCfg = Release|Any CPU
	EndGlobalSection
	GlobalSection(SolutionProperties) = preSolution
		HideSolutionNode = FALSE
	EndGlobalSection
EndGlobal
