
Microsoft Visual Studio Solution File, Format Version 12.00
# Visual Studio 14
VisualStudioVersion = 14.0.25420.1
MinimumVisualStudioVersion = 10.0.40219.1
Project("{888888A0-9F3D-457C-B088-3A5042F75D52}") = "sea_angler_scrape", "sea_angler_scrape.pyproj", "{5A67DF41-0498-4FA1-B3C7-C51CC2202A84}"
EndProject
Project("{888888A0-9F3D-457C-B088-3A5042F75D52}") = "funclib", "..\funclib\funclib.pyproj", "{EC8E1821-0C22-445E-AF07-22BBE247F71E}"
EndProject
Project("{888888A0-9F3D-457C-B088-3A5042F75D52}") = "pdf2image", "..\pdf2image\pdf2image.pyproj", "{90301CE2-56A3-450A-B61E-34618D594B2E}"
EndProject
Project("{888888A0-9F3D-457C-B088-3A5042F75D52}") = "textract", "..\textract\textract.pyproj", "{227DDA94-406A-444D-BAC7-A0712722007B}"
EndProject
Project("{888888A0-9F3D-457C-B088-3A5042F75D52}") = "dblib", "..\dblib\dblib.pyproj", "{357F2F6C-B6BF-4BB9-B3A3-E6B0130467A2}"
EndProject
Project("{888888A0-9F3D-457C-B088-3A5042F75D52}") = "pytesseract", "..\pytesseract\pytesseract.pyproj", "{5A5C4B57-F03B-4E73-8508-8569C751613F}"
EndProject
Project("{888888A0-9F3D-457C-B088-3A5042F75D52}") = "imgscrape", "..\imgscrape\imgscrape.pyproj", "{1D9B1083-600C-4118-83FD-DE48F0FD0B3B}"
EndProject
Project("{2150E333-8FDC-42A3-9474-1A3956D46DE8}") = "Solution Items", "Solution Items", "{50A8900C-61E4-454B-BC04-25F85CA5DEB7}"
	ProjectSection(SolutionItems) = preProject
		..\.gitignore = ..\.gitignore
	EndProjectSection
EndProject
Global
	GlobalSection(SolutionConfigurationPlatforms) = preSolution
		Debug|Any CPU = Debug|Any CPU
		Release|Any CPU = Release|Any CPU
	EndGlobalSection
	GlobalSection(ProjectConfigurationPlatforms) = postSolution
		{5A67DF41-0498-4FA1-B3C7-C51CC2202A84}.Debug|Any CPU.ActiveCfg = Debug|Any CPU
		{5A67DF41-0498-4FA1-B3C7-C51CC2202A84}.Release|Any CPU.ActiveCfg = Release|Any CPU
		{EC8E1821-0C22-445E-AF07-22BBE247F71E}.Debug|Any CPU.ActiveCfg = Debug|Any CPU
		{EC8E1821-0C22-445E-AF07-22BBE247F71E}.Release|Any CPU.ActiveCfg = Release|Any CPU
		{90301CE2-56A3-450A-B61E-34618D594B2E}.Debug|Any CPU.ActiveCfg = Debug|Any CPU
		{90301CE2-56A3-450A-B61E-34618D594B2E}.Release|Any CPU.ActiveCfg = Release|Any CPU
		{227DDA94-406A-444D-BAC7-A0712722007B}.Debug|Any CPU.ActiveCfg = Debug|Any CPU
		{227DDA94-406A-444D-BAC7-A0712722007B}.Release|Any CPU.ActiveCfg = Release|Any CPU
		{357F2F6C-B6BF-4BB9-B3A3-E6B0130467A2}.Debug|Any CPU.ActiveCfg = Debug|Any CPU
		{357F2F6C-B6BF-4BB9-B3A3-E6B0130467A2}.Release|Any CPU.ActiveCfg = Release|Any CPU
		{5A5C4B57-F03B-4E73-8508-8569C751613F}.Debug|Any CPU.ActiveCfg = Debug|Any CPU
		{5A5C4B57-F03B-4E73-8508-8569C751613F}.Release|Any CPU.ActiveCfg = Release|Any CPU
		{1D9B1083-600C-4118-83FD-DE48F0FD0B3B}.Debug|Any CPU.ActiveCfg = Debug|Any CPU
		{1D9B1083-600C-4118-83FD-DE48F0FD0B3B}.Release|Any CPU.ActiveCfg = Release|Any CPU
	EndGlobalSection
	GlobalSection(SolutionProperties) = preSolution
		HideSolutionNode = FALSE
	EndGlobalSection
EndGlobal
