
Microsoft Visual Studio Solution File, Format Version 12.00
# Visual Studio 14
VisualStudioVersion = 14.0.25420.1
MinimumVisualStudioVersion = 10.0.40219.1
Project("{888888A0-9F3D-457C-B088-3A5042F75D52}") = "sea_angler_scrape", "sea_angler_scrape.pyproj", "{5A67DF41-0498-4FA1-B3C7-C51CC2202A84}"
EndProject
Project("{888888A0-9F3D-457C-B088-3A5042F75D52}") = "funclib", "..\funclib\funclib.pyproj", "{EC8E1821-0C22-445E-AF07-22BBE247F71E}"
EndProject
Project("{888888A0-9F3D-457C-B088-3A5042F75D52}") = "pdf2image", "..\pdf2image\pdf2image.pyproj", "{90301CE2-56A3-450A-B61E-34618D594B2E}"
EndProject
Global
	GlobalSection(SolutionConfigurationPlatforms) = preSolution
		Debug|Any CPU = Debug|Any CPU
		Release|Any CPU = Release|Any CPU
	EndGlobalSection
	GlobalSection(ProjectConfigurationPlatforms) = postSolution
		{5A67DF41-0498-4FA1-B3C7-C51CC2202A84}.Debug|Any CPU.ActiveCfg = Debug|Any CPU
		{5A67DF41-0498-4FA1-B3C7-C51CC2202A84}.Release|Any CPU.ActiveCfg = Release|Any CPU
		{EC8E1821-0C22-445E-AF07-22BBE247F71E}.Debug|Any CPU.ActiveCfg = Debug|Any CPU
		{EC8E1821-0C22-445E-AF07-22BBE247F71E}.Release|Any CPU.ActiveCfg = Release|Any CPU
		{90301CE2-56A3-450A-B61E-34618D594B2E}.Debug|Any CPU.ActiveCfg = Debug|Any CPU
		{90301CE2-56A3-450A-B61E-34618D594B2E}.Release|Any CPU.ActiveCfg = Release|Any CPU
	EndGlobalSection
	GlobalSection(SolutionProperties) = preSolution
		HideSolutionNode = FALSE
	EndGlobalSection
EndGlobal
