
Microsoft Visual Studio Solution File, Format Version 12.00
# Visual Studio 15
VisualStudioVersion = 15.0.28307.1684
MinimumVisualStudioVersion = 10.0.40219.1
Project("{888888A0-9F3D-457C-B088-3A5042F75D52}") = "docs", "docs.pyproj", "{01604238-485A-4352-B33D-FEA5AED3BFF8}"
EndProject
Project("{888888A0-9F3D-457C-B088-3A5042F75D52}") = "funclib", "..\funclib\funclib.pyproj", "{EC8E1821-0C22-445E-AF07-22BBE247F71E}"
EndProject
Project("{888888A0-9F3D-457C-B088-3A5042F75D52}") = "opencvlib", "..\opencvlib\opencvlib.pyproj", "{3791C3EB-165F-4A04-83E2-956959C15823}"
EndProject
Global
	GlobalSection(SolutionConfigurationPlatforms) = preSolution
		Debug|Any CPU = Debug|Any CPU
		Release|Any CPU = Release|Any CPU
	EndGlobalSection
	GlobalSection(ProjectConfigurationPlatforms) = postSolution
		{01604238-485A-4352-B33D-FEA5AED3BFF8}.Debug|Any CPU.ActiveCfg = Debug|Any CPU
		{01604238-485A-4352-B33D-FEA5AED3BFF8}.Release|Any CPU.ActiveCfg = Release|Any CPU
		{EC8E1821-0C22-445E-AF07-22BBE247F71E}.Debug|Any CPU.ActiveCfg = Debug|Any CPU
		{EC8E1821-0C22-445E-AF07-22BBE247F71E}.Release|Any CPU.ActiveCfg = Release|Any CPU
		{3791C3EB-165F-4A04-83E2-956959C15823}.Debug|Any CPU.ActiveCfg = Debug|Any CPU
		{3791C3EB-165F-4A04-83E2-956959C15823}.Release|Any CPU.ActiveCfg = Release|Any CPU
	EndGlobalSection
	GlobalSection(SolutionProperties) = preSolution
		HideSolutionNode = FALSE
	EndGlobalSection
	GlobalSection(ExtensibilityGlobals) = postSolution
		SolutionGuid = {8DCDD327-BB19-4CB8-9278-697E91A153E4}
	EndGlobalSection
EndGlobal
